
Microsoft Visual Studio Solution File, Format Version 12.00
# Visual Studio Version 16
VisualStudioVersion = 16.0.29001.49
MinimumVisualStudioVersion = 10.0.40219.1
Project("{9A19103F-16F7-4668-BE54-9A1E7A4F7556}") = "Marqeta.Core.Sdk", "Marqeta.Core.Sdk\Marqeta.Core.Sdk.csproj", "{CF11668E-BFA9-4165-9CD6-E8DAD44D1FBA}"
EndProject
Project("{9A19103F-16F7-4668-BE54-9A1E7A4F7556}") = "Marqeta.Core.Sdk.Tests", "Marqeta.Core.Sdk.Tests\Marqeta.Core.Sdk.Tests.csproj", "{AE51C062-57FC-4908-B64E-DDD9976562D9}"
EndProject
Project("{FAE04EC0-301F-11D3-BF4B-00C04F79EFBC}") = "Marqeta.Core.Abstractions", "Marqeta.Core.Abstractions\Marqeta.Core.Abstractions.csproj", "{49FC2655-8D46-441F-B301-5CCD921EA70E}"
EndProject
Project("{FAE04EC0-301F-11D3-BF4B-00C04F79EFBC}") = "Marqeta.Core.Abstractions.Tests", "Marqeta.Core.Abstractions.Tests\Marqeta.Core.Abstractions.Tests.csproj", "{69F0E35E-F6A2-4FE7-ADCE-0D4AD1F02A9F}"
EndProject
Global
	GlobalSection(SolutionConfigurationPlatforms) = preSolution
		Debug|Any CPU = Debug|Any CPU
		Release|Any CPU = Release|Any CPU
	EndGlobalSection
	GlobalSection(ProjectConfigurationPlatforms) = postSolution
		{CF11668E-BFA9-4165-9CD6-E8DAD44D1FBA}.Debug|Any CPU.ActiveCfg = Debug|Any CPU
		{CF11668E-BFA9-4165-9CD6-E8DAD44D1FBA}.Debug|Any CPU.Build.0 = Debug|Any CPU
		{CF11668E-BFA9-4165-9CD6-E8DAD44D1FBA}.Release|Any CPU.ActiveCfg = Release|Any CPU
		{CF11668E-BFA9-4165-9CD6-E8DAD44D1FBA}.Release|Any CPU.Build.0 = Release|Any CPU
		{AE51C062-57FC-4908-B64E-DDD9976562D9}.Debug|Any CPU.ActiveCfg = Debug|Any CPU
		{AE51C062-57FC-4908-B64E-DDD9976562D9}.Debug|Any CPU.Build.0 = Debug|Any CPU
		{AE51C062-57FC-4908-B64E-DDD9976562D9}.Release|Any CPU.ActiveCfg = Release|Any CPU
		{AE51C062-57FC-4908-B64E-DDD9976562D9}.Release|Any CPU.Build.0 = Release|Any CPU
		{49FC2655-8D46-441F-B301-5CCD921EA70E}.Debug|Any CPU.ActiveCfg = Debug|Any CPU
		{49FC2655-8D46-441F-B301-5CCD921EA70E}.Debug|Any CPU.Build.0 = Debug|Any CPU
		{49FC2655-8D46-441F-B301-5CCD921EA70E}.Release|Any CPU.ActiveCfg = Release|Any CPU
		{49FC2655-8D46-441F-B301-5CCD921EA70E}.Release|Any CPU.Build.0 = Release|Any CPU
		{69F0E35E-F6A2-4FE7-ADCE-0D4AD1F02A9F}.Debug|Any CPU.ActiveCfg = Debug|Any CPU
		{69F0E35E-F6A2-4FE7-ADCE-0D4AD1F02A9F}.Debug|Any CPU.Build.0 = Debug|Any CPU
		{69F0E35E-F6A2-4FE7-ADCE-0D4AD1F02A9F}.Release|Any CPU.ActiveCfg = Release|Any CPU
		{69F0E35E-F6A2-4FE7-ADCE-0D4AD1F02A9F}.Release|Any CPU.Build.0 = Release|Any CPU
	EndGlobalSection
	GlobalSection(SolutionProperties) = preSolution
		HideSolutionNode = FALSE
	EndGlobalSection
	GlobalSection(ExtensibilityGlobals) = postSolution
		SolutionGuid = {0571A78D-7FDF-4481-A737-1DEC677A7E38}
	EndGlobalSection
EndGlobal
